
Microsoft Visual Studio Solution File, Format Version 12.00
# Visual Studio 15
Project("{FAE04EC0-301F-11D3-BF4B-00C04F79EFBC}") = "MerryYellow.CodeAssist.Editor", "MerryYellow.CodeAssist.Editor.csproj", "{A457EF73-B1A3-ECBB-FCDA-90FDE2E5A9F4}"
EndProject
Project("{FAE04EC0-301F-11D3-BF4B-00C04F79EFBC}") = "Assembly-CSharp", "Assembly-CSharp.csproj", "{866556B6-559C-F352-0FEE-01EC0B9482C1}"
EndProject
Global
	GlobalSection(SolutionConfigurationPlatforms) = preSolution
		Debug|Any CPU = Debug|Any CPU
		Release|Any CPU = Release|Any CPU
	EndGlobalSection
	GlobalSection(ProjectConfigurationPlatforms) = postSolution
		{A457EF73-B1A3-ECBB-FCDA-90FDE2E5A9F4}.Debug|Any CPU.ActiveCfg = Debug|Any CPU
		{A457EF73-B1A3-ECBB-FCDA-90FDE2E5A9F4}.Debug|Any CPU.Build.0 = Debug|Any CPU
		{A457EF73-B1A3-ECBB-FCDA-90FDE2E5A9F4}.Release|Any CPU.ActiveCfg = Release|Any CPU
		{A457EF73-B1A3-ECBB-FCDA-90FDE2E5A9F4}.Release|Any CPU.Build.0 = Release|Any CPU
		{866556B6-559C-F352-0FEE-01EC0B9482C1}.Debug|Any CPU.ActiveCfg = Debug|Any CPU
		{866556B6-559C-F352-0FEE-01EC0B9482C1}.Debug|Any CPU.Build.0 = Debug|Any CPU
		{866556B6-559C-F352-0FEE-01EC0B9482C1}.Release|Any CPU.ActiveCfg = Release|Any CPU
		{866556B6-559C-F352-0FEE-01EC0B9482C1}.Release|Any CPU.Build.0 = Release|Any CPU
	EndGlobalSection
	GlobalSection(SolutionProperties) = preSolution
		HideSolutionNode = FALSE
	EndGlobalSection
EndGlobal
